
Microsoft Visual Studio Solution File, Format Version 12.00
# Visual Studio Version 16
VisualStudioVersion = 16.0.32802.440
MinimumVisualStudioVersion = 10.0.40219.1
Project("{9A19103F-16F7-4668-BE54-9A1E7A4F7556}") = "PL", "PL.csproj", "{A162941D-E6B9-4616-B8DB-466791712A89}"
EndProject
Project("{9A19103F-16F7-4668-BE54-9A1E7A4F7556}") = "DAL", "..\DAL\DAL.csproj", "{595E94B7-A461-4A1E-B9E3-C7353621245C}"
EndProject
Project("{FAE04EC0-301F-11D3-BF4B-00C04F79EFBC}") = "BLL", "..\BLL\BLL.csproj", "{F3C6BD07-D0B2-4EF4-80C1-7FD85A3935D5}"
EndProject
Global
	GlobalSection(SolutionConfigurationPlatforms) = preSolution
		Debug|Any CPU = Debug|Any CPU
		Release|Any CPU = Release|Any CPU
	EndGlobalSection
	GlobalSection(ProjectConfigurationPlatforms) = postSolution
		{A162941D-E6B9-4616-B8DB-466791712A89}.Debug|Any CPU.ActiveCfg = Debug|Any CPU
		{A162941D-E6B9-4616-B8DB-466791712A89}.Debug|Any CPU.Build.0 = Debug|Any CPU
		{A162941D-E6B9-4616-B8DB-466791712A89}.Release|Any CPU.ActiveCfg = Release|Any CPU
		{A162941D-E6B9-4616-B8DB-466791712A89}.Release|Any CPU.Build.0 = Release|Any CPU
		{595E94B7-A461-4A1E-B9E3-C7353621245C}.Debug|Any CPU.ActiveCfg = Debug|Any CPU
		{595E94B7-A461-4A1E-B9E3-C7353621245C}.Debug|Any CPU.Build.0 = Debug|Any CPU
		{595E94B7-A461-4A1E-B9E3-C7353621245C}.Release|Any CPU.ActiveCfg = Release|Any CPU
		{595E94B7-A461-4A1E-B9E3-C7353621245C}.Release|Any CPU.Build.0 = Release|Any CPU
		{F3C6BD07-D0B2-4EF4-80C1-7FD85A3935D5}.Debug|Any CPU.ActiveCfg = Debug|Any CPU
		{F3C6BD07-D0B2-4EF4-80C1-7FD85A3935D5}.Debug|Any CPU.Build.0 = Debug|Any CPU
		{F3C6BD07-D0B2-4EF4-80C1-7FD85A3935D5}.Release|Any CPU.ActiveCfg = Release|Any CPU
		{F3C6BD07-D0B2-4EF4-80C1-7FD85A3935D5}.Release|Any CPU.Build.0 = Release|Any CPU
	EndGlobalSection
	GlobalSection(SolutionProperties) = preSolution
		HideSolutionNode = FALSE
	EndGlobalSection
	GlobalSection(ExtensibilityGlobals) = postSolution
		SolutionGuid = {3A82FC14-3220-43BC-AFE8-05804276B5D5}
	EndGlobalSection
EndGlobal
