
Microsoft Visual Studio Solution File, Format Version 12.00
# Visual Studio Version 16
VisualStudioVersion = 16.0.32802.440
MinimumVisualStudioVersion = 10.0.40219.1
Project("{FAE04EC0-301F-11D3-BF4B-00C04F79EFBC}") = "Lab_2", "Lab_2.csproj", "{22C56CF4-BFB4-4AA2-BA1A-B3663552AB8E}"
EndProject
Project("{FAE04EC0-301F-11D3-BF4B-00C04F79EFBC}") = "Entities", "..\Entites\Entities.csproj", "{4C6093A9-77A7-4AB2-A440-6B40142A735F}"
EndProject
Project("{FAE04EC0-301F-11D3-BF4B-00C04F79EFBC}") = "Menu", "..\Menu\Menu.csproj", "{79742A36-3E81-4FE0-BD76-0AC1B0529670}"
EndProject
Global
	GlobalSection(SolutionConfigurationPlatforms) = preSolution
		Debug|Any CPU = Debug|Any CPU
		Release|Any CPU = Release|Any CPU
	EndGlobalSection
	GlobalSection(ProjectConfigurationPlatforms) = postSolution
		{22C56CF4-BFB4-4AA2-BA1A-B3663552AB8E}.Debug|Any CPU.ActiveCfg = Debug|Any CPU
		{22C56CF4-BFB4-4AA2-BA1A-B3663552AB8E}.Debug|Any CPU.Build.0 = Debug|Any CPU
		{22C56CF4-BFB4-4AA2-BA1A-B3663552AB8E}.Release|Any CPU.ActiveCfg = Release|Any CPU
		{22C56CF4-BFB4-4AA2-BA1A-B3663552AB8E}.Release|Any CPU.Build.0 = Release|Any CPU
		{4C6093A9-77A7-4AB2-A440-6B40142A735F}.Debug|Any CPU.ActiveCfg = Debug|Any CPU
		{4C6093A9-77A7-4AB2-A440-6B40142A735F}.Debug|Any CPU.Build.0 = Debug|Any CPU
		{4C6093A9-77A7-4AB2-A440-6B40142A735F}.Release|Any CPU.ActiveCfg = Release|Any CPU
		{4C6093A9-77A7-4AB2-A440-6B40142A735F}.Release|Any CPU.Build.0 = Release|Any CPU
		{79742A36-3E81-4FE0-BD76-0AC1B0529670}.Debug|Any CPU.ActiveCfg = Debug|Any CPU
		{79742A36-3E81-4FE0-BD76-0AC1B0529670}.Debug|Any CPU.Build.0 = Debug|Any CPU
		{79742A36-3E81-4FE0-BD76-0AC1B0529670}.Release|Any CPU.ActiveCfg = Release|Any CPU
		{79742A36-3E81-4FE0-BD76-0AC1B0529670}.Release|Any CPU.Build.0 = Release|Any CPU
	EndGlobalSection
	GlobalSection(SolutionProperties) = preSolution
		HideSolutionNode = FALSE
	EndGlobalSection
	GlobalSection(ExtensibilityGlobals) = postSolution
		SolutionGuid = {ED93ED46-A0B8-44E4-BD14-A125129F89EF}
	EndGlobalSection
EndGlobal
