
Microsoft Visual Studio Solution File, Format Version 12.00
# Visual Studio Version 16
VisualStudioVersion = 16.0.32802.440
MinimumVisualStudioVersion = 10.0.40219.1
Project("{FAE04EC0-301F-11D3-BF4B-00C04F79EFBC}") = "PL", "PL.csproj", "{18A0C065-0804-49D0-99F6-91D2543CBAB2}"
EndProject
Project("{FAE04EC0-301F-11D3-BF4B-00C04F79EFBC}") = "BLL", "..\BLL\BLL.csproj", "{FE6E593A-627F-4108-B83A-9F6C10C41B07}"
EndProject
Project("{FAE04EC0-301F-11D3-BF4B-00C04F79EFBC}") = "DAL", "..\DAL\DAL.csproj", "{08AF5D07-5A9B-47E0-B62B-EF28791225DD}"
EndProject
Global
	GlobalSection(SolutionConfigurationPlatforms) = preSolution
		Debug|Any CPU = Debug|Any CPU
		Release|Any CPU = Release|Any CPU
	EndGlobalSection
	GlobalSection(ProjectConfigurationPlatforms) = postSolution
		{18A0C065-0804-49D0-99F6-91D2543CBAB2}.Debug|Any CPU.ActiveCfg = Debug|Any CPU
		{18A0C065-0804-49D0-99F6-91D2543CBAB2}.Debug|Any CPU.Build.0 = Debug|Any CPU
		{18A0C065-0804-49D0-99F6-91D2543CBAB2}.Release|Any CPU.ActiveCfg = Release|Any CPU
		{18A0C065-0804-49D0-99F6-91D2543CBAB2}.Release|Any CPU.Build.0 = Release|Any CPU
		{FE6E593A-627F-4108-B83A-9F6C10C41B07}.Debug|Any CPU.ActiveCfg = Debug|Any CPU
		{FE6E593A-627F-4108-B83A-9F6C10C41B07}.Debug|Any CPU.Build.0 = Debug|Any CPU
		{FE6E593A-627F-4108-B83A-9F6C10C41B07}.Release|Any CPU.ActiveCfg = Release|Any CPU
		{FE6E593A-627F-4108-B83A-9F6C10C41B07}.Release|Any CPU.Build.0 = Release|Any CPU
		{08AF5D07-5A9B-47E0-B62B-EF28791225DD}.Debug|Any CPU.ActiveCfg = Debug|Any CPU
		{08AF5D07-5A9B-47E0-B62B-EF28791225DD}.Debug|Any CPU.Build.0 = Debug|Any CPU
		{08AF5D07-5A9B-47E0-B62B-EF28791225DD}.Release|Any CPU.ActiveCfg = Release|Any CPU
		{08AF5D07-5A9B-47E0-B62B-EF28791225DD}.Release|Any CPU.Build.0 = Release|Any CPU
	EndGlobalSection
	GlobalSection(SolutionProperties) = preSolution
		HideSolutionNode = FALSE
	EndGlobalSection
	GlobalSection(ExtensibilityGlobals) = postSolution
		SolutionGuid = {CE5D0F27-FAE3-4C70-8806-188E7EDA7C43}
	EndGlobalSection
EndGlobal
